// !$*UTF8*$!
{
	archiveVersion = 1;
	classes = {
	};
	objectVersion = 55;
	objects = {

/* Begin PBXBuildFile section */
		260EAE222988786300610EA1 /* TodosView.swift in Sources */ = {isa = PBXBuildFile; fileRef = 260EAE212988786300610EA1 /* TodosView.swift */; };
		260EAE262988826300610EA1 /* Button+Style.swift in Sources */ = {isa = PBXBuildFile; fileRef = 260EAE252988826300610EA1 /* Button+Style.swift */; };
		260EAE292988871000610EA1 /* UISearchBarwrapper.swift in Sources */ = {isa = PBXBuildFile; fileRef = 260EAE282988871000610EA1 /* UISearchBarwrapper.swift */; };
		260EAE2B298888AC00610EA1 /* TodoRow.swift in Sources */ = {isa = PBXBuildFile; fileRef = 260EAE2A298888AC00610EA1 /* TodoRow.swift */; };
		26ADCC4B2987D8930063757C /* TodoAppTutorialApp.swift in Sources */ = {isa = PBXBuildFile; fileRef = 26ADCC4A2987D8930063757C /* TodoAppTutorialApp.swift */; };
		26ADCC4D2987D8940063757C /* ContentView.swift in Sources */ = {isa = PBXBuildFile; fileRef = 26ADCC4C2987D8940063757C /* ContentView.swift */; };
		26ADCC4F2987D8990063757C /* Assets.xcassets in Resources */ = {isa = PBXBuildFile; fileRef = 26ADCC4E2987D8990063757C /* Assets.xcassets */; };
		26ADCC522987D8990063757C /* Preview Assets.xcassets in Resources */ = {isa = PBXBuildFile; fileRef = 26ADCC512987D8990063757C /* Preview Assets.xcassets */; };
		26ADCC5A2987DA2C0063757C /* MainVC.storyboard in Resources */ = {isa = PBXBuildFile; fileRef = 26ADCC592987DA2C0063757C /* MainVC.storyboard */; };
		26ADCC5C2987DA4C0063757C /* MainVC.swift in Sources */ = {isa = PBXBuildFile; fileRef = 26ADCC5B2987DA4C0063757C /* MainVC.swift */; };
		26ADCC5E298869740063757C /* TodoCell.xib in Resources */ = {isa = PBXBuildFile; fileRef = 26ADCC5D298869740063757C /* TodoCell.xib */; };
		26ADCC6029886E8E0063757C /* TodoCell.swift in Sources */ = {isa = PBXBuildFile; fileRef = 26ADCC5F29886E8E0063757C /* TodoCell.swift */; };
		26E13C982988E0AF0039112E /* TodosAPI.swift in Sources */ = {isa = PBXBuildFile; fileRef = 26E13C972988E0AF0039112E /* TodosAPI.swift */; };
		26E13C9A298934200039112E /* TodosVM.swift in Sources */ = {isa = PBXBuildFile; fileRef = 26E13C99298934200039112E /* TodosVM.swift */; };
		26E13C9D2989377C0039112E /* TodosResponse.swift in Sources */ = {isa = PBXBuildFile; fileRef = 26E13C9C2989377C0039112E /* TodosResponse.swift */; };
		26E13CA0298979CD0039112E /* URL+Ext.swift in Sources */ = {isa = PBXBuildFile; fileRef = 26E13C9F298979CD0039112E /* URL+Ext.swift */; };
		26E13CA329897D370039112E /* MultipartForm in Frameworks */ = {isa = PBXBuildFile; productRef = 26E13CA229897D370039112E /* MultipartForm */; };
/* End PBXBuildFile section */

/* Begin PBXFileReference section */
		260EAE212988786300610EA1 /* TodosView.swift */ = {isa = PBXFileReference; lastKnownFileType = sourcecode.swift; path = TodosView.swift; sourceTree = "<group>"; };
		260EAE252988826300610EA1 /* Button+Style.swift */ = {isa = PBXFileReference; lastKnownFileType = sourcecode.swift; path = "Button+Style.swift"; sourceTree = "<group>"; };
		260EAE282988871000610EA1 /* UISearchBarwrapper.swift */ = {isa = PBXFileReference; lastKnownFileType = sourcecode.swift; path = UISearchBarwrapper.swift; sourceTree = "<group>"; };
		260EAE2A298888AC00610EA1 /* TodoRow.swift */ = {isa = PBXFileReference; lastKnownFileType = sourcecode.swift; path = TodoRow.swift; sourceTree = "<group>"; };
		26ADCC472987D8930063757C /* TodoAppTutorial.app */ = {isa = PBXFileReference; explicitFileType = wrapper.application; includeInIndex = 0; path = TodoAppTutorial.app; sourceTree = BUILT_PRODUCTS_DIR; };
		26ADCC4A2987D8930063757C /* TodoAppTutorialApp.swift */ = {isa = PBXFileReference; lastKnownFileType = sourcecode.swift; path = TodoAppTutorialApp.swift; sourceTree = "<group>"; };
		26ADCC4C2987D8940063757C /* ContentView.swift */ = {isa = PBXFileReference; lastKnownFileType = sourcecode.swift; path = ContentView.swift; sourceTree = "<group>"; };
		26ADCC4E2987D8990063757C /* Assets.xcassets */ = {isa = PBXFileReference; lastKnownFileType = folder.assetcatalog; path = Assets.xcassets; sourceTree = "<group>"; };
		26ADCC512987D8990063757C /* Preview Assets.xcassets */ = {isa = PBXFileReference; lastKnownFileType = folder.assetcatalog; path = "Preview Assets.xcassets"; sourceTree = "<group>"; };
		26ADCC592987DA2C0063757C /* MainVC.storyboard */ = {isa = PBXFileReference; lastKnownFileType = file.storyboard; path = MainVC.storyboard; sourceTree = "<group>"; };
		26ADCC5B2987DA4C0063757C /* MainVC.swift */ = {isa = PBXFileReference; lastKnownFileType = sourcecode.swift; path = MainVC.swift; sourceTree = "<group>"; };
		26ADCC5D298869740063757C /* TodoCell.xib */ = {isa = PBXFileReference; lastKnownFileType = file.xib; path = TodoCell.xib; sourceTree = "<group>"; };
		26ADCC5F29886E8E0063757C /* TodoCell.swift */ = {isa = PBXFileReference; lastKnownFileType = sourcecode.swift; path = TodoCell.swift; sourceTree = "<group>"; };
		26E13C972988E0AF0039112E /* TodosAPI.swift */ = {isa = PBXFileReference; lastKnownFileType = sourcecode.swift; path = TodosAPI.swift; sourceTree = "<group>"; };
		26E13C99298934200039112E /* TodosVM.swift */ = {isa = PBXFileReference; lastKnownFileType = sourcecode.swift; path = TodosVM.swift; sourceTree = "<group>"; };
		26E13C9C2989377C0039112E /* TodosResponse.swift */ = {isa = PBXFileReference; lastKnownFileType = sourcecode.swift; path = TodosResponse.swift; sourceTree = "<group>"; };
		26E13C9F298979CD0039112E /* URL+Ext.swift */ = {isa = PBXFileReference; lastKnownFileType = sourcecode.swift; path = "URL+Ext.swift"; sourceTree = "<group>"; };
/* End PBXFileReference section */

/* Begin PBXFrameworksBuildPhase section */
		26ADCC442987D8930063757C /* Frameworks */ = {
			isa = PBXFrameworksBuildPhase;
			buildActionMask = 2147483647;
			files = (
				26E13CA329897D370039112E /* MultipartForm in Frameworks */,
			);
			runOnlyForDeploymentPostprocessing = 0;
		};
/* End PBXFrameworksBuildPhase section */

/* Begin PBXGroup section */
		260EAE242988823800610EA1 /* Styles */ = {
			isa = PBXGroup;
			children = (
				260EAE252988826300610EA1 /* Button+Style.swift */,
			);
			path = Styles;
			sourceTree = "<group>";
		};
		260EAE27298886D700610EA1 /* SwiftUI */ = {
			isa = PBXGroup;
			children = (
				260EAE212988786300610EA1 /* TodosView.swift */,
				26ADCC4C2987D8940063757C /* ContentView.swift */,
				260EAE2A298888AC00610EA1 /* TodoRow.swift */,
				260EAE282988871000610EA1 /* UISearchBarwrapper.swift */,
			);
			path = SwiftUI;
			sourceTree = "<group>";
		};
		26ADCC3E2987D8930063757C = {
			isa = PBXGroup;
			children = (
				26ADCC492987D8930063757C /* TodoAppTutorial */,
				26ADCC482987D8930063757C /* Products */,
			);
			sourceTree = "<group>";
		};
		26ADCC482987D8930063757C /* Products */ = {
			isa = PBXGroup;
			children = (
				26ADCC472987D8930063757C /* TodoAppTutorial.app */,
			);
			name = Products;
			sourceTree = "<group>";
		};
		26ADCC492987D8930063757C /* TodoAppTutorial */ = {
			isa = PBXGroup;
			children = (
				26E13C9E298979A40039112E /* Extensions */,
				26E13C9B298937610039112E /* Data */,
				26E13C962988E0860039112E /* API */,
				260EAE27298886D700610EA1 /* SwiftUI */,
				26ADCC582987D9BB0063757C /* UIKit */,
				260EAE242988823800610EA1 /* Styles */,
				26ADCC4A2987D8930063757C /* TodoAppTutorialApp.swift */,
				26E13C99298934200039112E /* TodosVM.swift */,
				26ADCC4E2987D8990063757C /* Assets.xcassets */,
				26ADCC502987D8990063757C /* Preview Content */,
			);
			path = TodoAppTutorial;
			sourceTree = "<group>";
		};
		26ADCC502987D8990063757C /* Preview Content */ = {
			isa = PBXGroup;
			children = (
				26ADCC512987D8990063757C /* Preview Assets.xcassets */,
			);
			path = "Preview Content";
			sourceTree = "<group>";
		};
		26ADCC582987D9BB0063757C /* UIKit */ = {
			isa = PBXGroup;
			children = (
				26ADCC592987DA2C0063757C /* MainVC.storyboard */,
				26ADCC5B2987DA4C0063757C /* MainVC.swift */,
				26ADCC5D298869740063757C /* TodoCell.xib */,
				26ADCC5F29886E8E0063757C /* TodoCell.swift */,
			);
			path = UIKit;
			sourceTree = "<group>";
		};
		26E13C962988E0860039112E /* API */ = {
			isa = PBXGroup;
			children = (
				26E13C972988E0AF0039112E /* TodosAPI.swift */,
			);
			path = API;
			sourceTree = "<group>";
		};
		26E13C9B298937610039112E /* Data */ = {
			isa = PBXGroup;
			children = (
				26E13C9C2989377C0039112E /* TodosResponse.swift */,
			);
			path = Data;
			sourceTree = "<group>";
		};
		26E13C9E298979A40039112E /* Extensions */ = {
			isa = PBXGroup;
			children = (
				26E13C9F298979CD0039112E /* URL+Ext.swift */,
			);
			path = Extensions;
			sourceTree = "<group>";
		};
/* End PBXGroup section */

/* Begin PBXNativeTarget section */
		26ADCC462987D8930063757C /* TodoAppTutorial */ = {
			isa = PBXNativeTarget;
			buildConfigurationList = 26ADCC552987D8990063757C /* Build configuration list for PBXNativeTarget "TodoAppTutorial" */;
			buildPhases = (
				26ADCC432987D8930063757C /* Sources */,
				26ADCC442987D8930063757C /* Frameworks */,
				26ADCC452987D8930063757C /* Resources */,
			);
			buildRules = (
			);
			dependencies = (
			);
			name = TodoAppTutorial;
			packageProductDependencies = (
				26E13CA229897D370039112E /* MultipartForm */,
			);
			productName = TodoAppTutorial;
			productReference = 26ADCC472987D8930063757C /* TodoAppTutorial.app */;
			productType = "com.apple.product-type.application";
		};
/* End PBXNativeTarget section */

/* Begin PBXProject section */
		26ADCC3F2987D8930063757C /* Project object */ = {
			isa = PBXProject;
			attributes = {
				BuildIndependentTargetsInParallel = 1;
				LastSwiftUpdateCheck = 1340;
				LastUpgradeCheck = 1340;
				TargetAttributes = {
					26ADCC462987D8930063757C = {
						CreatedOnToolsVersion = 13.4.1;
					};
				};
			};
			buildConfigurationList = 26ADCC422987D8930063757C /* Build configuration list for PBXProject "TodoAppTutorial" */;
			compatibilityVersion = "Xcode 13.0";
			developmentRegion = en;
			hasScannedForEncodings = 0;
			knownRegions = (
				en,
				Base,
			);
			mainGroup = 26ADCC3E2987D8930063757C;
			packageReferences = (
				26E13CA129897D370039112E /* XCRemoteSwiftPackageReference "MultipartForm" */,
			);
			productRefGroup = 26ADCC482987D8930063757C /* Products */;
			projectDirPath = "";
			projectRoot = "";
			targets = (
				26ADCC462987D8930063757C /* TodoAppTutorial */,
			);
		};
/* End PBXProject section */

/* Begin PBXResourcesBuildPhase section */
		26ADCC452987D8930063757C /* Resources */ = {
			isa = PBXResourcesBuildPhase;
			buildActionMask = 2147483647;
			files = (
				26ADCC5A2987DA2C0063757C /* MainVC.storyboard in Resources */,
				26ADCC522987D8990063757C /* Preview Assets.xcassets in Resources */,
				26ADCC4F2987D8990063757C /* Assets.xcassets in Resources */,
				26ADCC5E298869740063757C /* TodoCell.xib in Resources */,
			);
			runOnlyForDeploymentPostprocessing = 0;
		};
/* End PBXResourcesBuildPhase section */

/* Begin PBXSourcesBuildPhase section */
		26ADCC432987D8930063757C /* Sources */ = {
			isa = PBXSourcesBuildPhase;
			buildActionMask = 2147483647;
			files = (
				26E13C982988E0AF0039112E /* TodosAPI.swift in Sources */,
				260EAE222988786300610EA1 /* TodosView.swift in Sources */,
				260EAE292988871000610EA1 /* UISearchBarwrapper.swift in Sources */,
				26E13C9D2989377C0039112E /* TodosResponse.swift in Sources */,
				26ADCC4D2987D8940063757C /* ContentView.swift in Sources */,
				26E13C9A298934200039112E /* TodosVM.swift in Sources */,
				26ADCC5C2987DA4C0063757C /* MainVC.swift in Sources */,
				26E13CA0298979CD0039112E /* URL+Ext.swift in Sources */,
				260EAE262988826300610EA1 /* Button+Style.swift in Sources */,
				26ADCC4B2987D8930063757C /* TodoAppTutorialApp.swift in Sources */,
				260EAE2B298888AC00610EA1 /* TodoRow.swift in Sources */,
				26ADCC6029886E8E0063757C /* TodoCell.swift in Sources */,
			);
			runOnlyForDeploymentPostprocessing = 0;
		};
/* End PBXSourcesBuildPhase section */

/* Begin XCBuildConfiguration section */
		26ADCC532987D8990063757C /* Debug */ = {
			isa = XCBuildConfiguration;
			buildSettings = {
				ALWAYS_SEARCH_USER_PATHS = NO;
				CLANG_ANALYZER_NONNULL = YES;
				CLANG_ANALYZER_NUMBER_OBJECT_CONVERSION = YES_AGGRESSIVE;
				CLANG_CXX_LANGUAGE_STANDARD = "gnu++17";
				CLANG_ENABLE_MODULES = YES;
				CLANG_ENABLE_OBJC_ARC = YES;
				CLANG_ENABLE_OBJC_WEAK = YES;
				CLANG_WARN_BLOCK_CAPTURE_AUTORELEASING = YES;
				CLANG_WARN_BOOL_CONVERSION = YES;
				CLANG_WARN_COMMA = YES;
				CLANG_WARN_CONSTANT_CONVERSION = YES;
				CLANG_WARN_DEPRECATED_OBJC_IMPLEMENTATIONS = YES;
				CLANG_WARN_DIRECT_OBJC_ISA_USAGE = YES_ERROR;
				CLANG_WARN_DOCUMENTATION_COMMENTS = YES;
				CLANG_WARN_EMPTY_BODY = YES;
				CLANG_WARN_ENUM_CONVERSION = YES;
				CLANG_WARN_INFINITE_RECURSION = YES;
				CLANG_WARN_INT_CONVERSION = YES;
				CLANG_WARN_NON_LITERAL_NULL_CONVERSION = YES;
				CLANG_WARN_OBJC_IMPLICIT_RETAIN_SELF = YES;
				CLANG_WARN_OBJC_LITERAL_CONVERSION = YES;
				CLANG_WARN_OBJC_ROOT_CLASS = YES_ERROR;
				CLANG_WARN_QUOTED_INCLUDE_IN_FRAMEWORK_HEADER = YES;
				CLANG_WARN_RANGE_LOOP_ANALYSIS = YES;
				CLANG_WARN_STRICT_PROTOTYPES = YES;
				CLANG_WARN_SUSPICIOUS_MOVE = YES;
				CLANG_WARN_UNGUARDED_AVAILABILITY = YES_AGGRESSIVE;
				CLANG_WARN_UNREACHABLE_CODE = YES;
				CLANG_WARN__DUPLICATE_METHOD_MATCH = YES;
				COPY_PHASE_STRIP = NO;
				DEBUG_INFORMATION_FORMAT = dwarf;
				ENABLE_STRICT_OBJC_MSGSEND = YES;
				ENABLE_TESTABILITY = YES;
				GCC_C_LANGUAGE_STANDARD = gnu11;
				GCC_DYNAMIC_NO_PIC = NO;
				GCC_NO_COMMON_BLOCKS = YES;
				GCC_OPTIMIZATION_LEVEL = 0;
				GCC_PREPROCESSOR_DEFINITIONS = (
					"DEBUG=1",
					"$(inherited)",
				);
				GCC_WARN_64_TO_32_BIT_CONVERSION = YES;
				GCC_WARN_ABOUT_RETURN_TYPE = YES_ERROR;
				GCC_WARN_UNDECLARED_SELECTOR = YES;
				GCC_WARN_UNINITIALIZED_AUTOS = YES_AGGRESSIVE;
				GCC_WARN_UNUSED_FUNCTION = YES;
				GCC_WARN_UNUSED_VARIABLE = YES;
				IPHONEOS_DEPLOYMENT_TARGET = 14.0;
				MTL_ENABLE_DEBUG_INFO = INCLUDE_SOURCE;
				MTL_FAST_MATH = YES;
				ONLY_ACTIVE_ARCH = YES;
				SDKROOT = iphoneos;
				SWIFT_ACTIVE_COMPILATION_CONDITIONS = DEBUG;
				SWIFT_OPTIMIZATION_LEVEL = "-Onone";
			};
			name = Debug;
		};
		26ADCC542987D8990063757C /* Release */ = {
			isa = XCBuildConfiguration;
			buildSettings = {
				ALWAYS_SEARCH_USER_PATHS = NO;
				CLANG_ANALYZER_NONNULL = YES;
				CLANG_ANALYZER_NUMBER_OBJECT_CONVERSION = YES_AGGRESSIVE;
				CLANG_CXX_LANGUAGE_STANDARD = "gnu++17";
				CLANG_ENABLE_MODULES = YES;
				CLANG_ENABLE_OBJC_ARC = YES;
				CLANG_ENABLE_OBJC_WEAK = YES;
				CLANG_WARN_BLOCK_CAPTURE_AUTORELEASING = YES;
				CLANG_WARN_BOOL_CONVERSION = YES;
				CLANG_WARN_COMMA = YES;
				CLANG_WARN_CONSTANT_CONVERSION = YES;
				CLANG_WARN_DEPRECATED_OBJC_IMPLEMENTATIONS = YES;
				CLANG_WARN_DIRECT_OBJC_ISA_USAGE = YES_ERROR;
				CLANG_WARN_DOCUMENTATION_COMMENTS = YES;
				CLANG_WARN_EMPTY_BODY = YES;
				CLANG_WARN_ENUM_CONVERSION = YES;
				CLANG_WARN_INFINITE_RECURSION = YES;
				CLANG_WARN_INT_CONVERSION = YES;
				CLANG_WARN_NON_LITERAL_NULL_CONVERSION = YES;
				CLANG_WARN_OBJC_IMPLICIT_RETAIN_SELF = YES;
				CLANG_WARN_OBJC_LITERAL_CONVERSION = YES;
				CLANG_WARN_OBJC_ROOT_CLASS = YES_ERROR;
				CLANG_WARN_QUOTED_INCLUDE_IN_FRAMEWORK_HEADER = YES;
				CLANG_WARN_RANGE_LOOP_ANALYSIS = YES;
				CLANG_WARN_STRICT_PROTOTYPES = YES;
				CLANG_WARN_SUSPICIOUS_MOVE = YES;
				CLANG_WARN_UNGUARDED_AVAILABILITY = YES_AGGRESSIVE;
				CLANG_WARN_UNREACHABLE_CODE = YES;
				CLANG_WARN__DUPLICATE_METHOD_MATCH = YES;
				COPY_PHASE_STRIP = NO;
				DEBUG_INFORMATION_FORMAT = "dwarf-with-dsym";
				ENABLE_NS_ASSERTIONS = NO;
				ENABLE_STRICT_OBJC_MSGSEND = YES;
				GCC_C_LANGUAGE_STANDARD = gnu11;
				GCC_NO_COMMON_BLOCKS = YES;
				GCC_WARN_64_TO_32_BIT_CONVERSION = YES;
				GCC_WARN_ABOUT_RETURN_TYPE = YES_ERROR;
				GCC_WARN_UNDECLARED_SELECTOR = YES;
				GCC_WARN_UNINITIALIZED_AUTOS = YES_AGGRESSIVE;
				GCC_WARN_UNUSED_FUNCTION = YES;
				GCC_WARN_UNUSED_VARIABLE = YES;
				IPHONEOS_DEPLOYMENT_TARGET = 14.0;
				MTL_ENABLE_DEBUG_INFO = NO;
				MTL_FAST_MATH = YES;
				SDKROOT = iphoneos;
				SWIFT_COMPILATION_MODE = wholemodule;
				SWIFT_OPTIMIZATION_LEVEL = "-O";
				VALIDATE_PRODUCT = YES;
			};
			name = Release;
		};
		26ADCC562987D8990063757C /* Debug */ = {
			isa = XCBuildConfiguration;
			buildSettings = {
				ASSETCATALOG_COMPILER_APPICON_NAME = AppIcon;
				ASSETCATALOG_COMPILER_GLOBAL_ACCENT_COLOR_NAME = AccentColor;
				CODE_SIGN_STYLE = Automatic;
				CURRENT_PROJECT_VERSION = 1;
				DEVELOPMENT_ASSET_PATHS = "\"TodoAppTutorial/Preview Content\"";
				DEVELOPMENT_TEAM = 9Y8JZ9AQG6;
				ENABLE_PREVIEWS = YES;
				GENERATE_INFOPLIST_FILE = YES;
				INFOPLIST_KEY_UIApplicationSceneManifest_Generation = YES;
				INFOPLIST_KEY_UIApplicationSupportsIndirectInputEvents = YES;
				INFOPLIST_KEY_UILaunchScreen_Generation = YES;
				INFOPLIST_KEY_UISupportedInterfaceOrientations_iPad = "UIInterfaceOrientationPortrait UIInterfaceOrientationPortraitUpsideDown UIInterfaceOrientationLandscapeLeft UIInterfaceOrientationLandscapeRight";
				INFOPLIST_KEY_UISupportedInterfaceOrientations_iPhone = "UIInterfaceOrientationPortrait UIInterfaceOrientationLandscapeLeft UIInterfaceOrientationLandscapeRight";
				LD_RUNPATH_SEARCH_PATHS = (
					"$(inherited)",
					"@executable_path/Frameworks",
				);
				MARKETING_VERSION = 1.0;
				PRODUCT_BUNDLE_IDENTIFIER = bkk99091.TodoAppTutorial;
				PRODUCT_NAME = "$(TARGET_NAME)";
				SWIFT_EMIT_LOC_STRINGS = YES;
				SWIFT_VERSION = 5.0;
				TARGETED_DEVICE_FAMILY = "1,2";
			};
			name = Debug;
		};
		26ADCC572987D8990063757C /* Release */ = {
			isa = XCBuildConfiguration;
			buildSettings = {
				ASSETCATALOG_COMPILER_APPICON_NAME = AppIcon;
				ASSETCATALOG_COMPILER_GLOBAL_ACCENT_COLOR_NAME = AccentColor;
				CODE_SIGN_STYLE = Automatic;
				CURRENT_PROJECT_VERSION = 1;
				DEVELOPMENT_ASSET_PATHS = "\"TodoAppTutorial/Preview Content\"";
				DEVELOPMENT_TEAM = 9Y8JZ9AQG6;
				ENABLE_PREVIEWS = YES;
				GENERATE_INFOPLIST_FILE = YES;
				INFOPLIST_KEY_UIApplicationSceneManifest_Generation = YES;
				INFOPLIST_KEY_UIApplicationSupportsIndirectInputEvents = YES;
				INFOPLIST_KEY_UILaunchScreen_Generation = YES;
				INFOPLIST_KEY_UISupportedInterfaceOrientations_iPad = "UIInterfaceOrientationPortrait UIInterfaceOrientationPortraitUpsideDown UIInterfaceOrientationLandscapeLeft UIInterfaceOrientationLandscapeRight";
				INFOPLIST_KEY_UISupportedInterfaceOrientations_iPhone = "UIInterfaceOrientationPortrait UIInterfaceOrientationLandscapeLeft UIInterfaceOrientationLandscapeRight";
				LD_RUNPATH_SEARCH_PATHS = (
					"$(inherited)",
					"@executable_path/Frameworks",
				);
				MARKETING_VERSION = 1.0;
				PRODUCT_BUNDLE_IDENTIFIER = bkk99091.TodoAppTutorial;
				PRODUCT_NAME = "$(TARGET_NAME)";
				SWIFT_EMIT_LOC_STRINGS = YES;
				SWIFT_VERSION = 5.0;
				TARGETED_DEVICE_FAMILY = "1,2";
			};
			name = Release;
		};
/* End XCBuildConfiguration section */

/* Begin XCConfigurationList section */
		26ADCC422987D8930063757C /* Build configuration list for PBXProject "TodoAppTutorial" */ = {
			isa = XCConfigurationList;
			buildConfigurations = (
				26ADCC532987D8990063757C /* Debug */,
				26ADCC542987D8990063757C /* Release */,
			);
			defaultConfigurationIsVisible = 0;
			defaultConfigurationName = Release;
		};
		26ADCC552987D8990063757C /* Build configuration list for PBXNativeTarget "TodoAppTutorial" */ = {
			isa = XCConfigurationList;
			buildConfigurations = (
				26ADCC562987D8990063757C /* Debug */,
				26ADCC572987D8990063757C /* Release */,
			);
			defaultConfigurationIsVisible = 0;
			defaultConfigurationName = Release;
		};
/* End XCConfigurationList section */

/* Begin XCRemoteSwiftPackageReference section */
		26E13CA129897D370039112E /* XCRemoteSwiftPackageReference "MultipartForm" */ = {
			isa = XCRemoteSwiftPackageReference;
			repositoryURL = "https://github.com/davbeck/MultipartForm";
			requirement = {
				kind = upToNextMajorVersion;
				minimumVersion = 0.1.0;
			};
		};
/* End XCRemoteSwiftPackageReference section */

/* Begin XCSwiftPackageProductDependency section */
		26E13CA229897D370039112E /* MultipartForm */ = {
			isa = XCSwiftPackageProductDependency;
			package = 26E13CA129897D370039112E /* XCRemoteSwiftPackageReference "MultipartForm" */;
			productName = MultipartForm;
		};
/* End XCSwiftPackageProductDependency section */
	};
	rootObject = 26ADCC3F2987D8930063757C /* Project object */;
}
